// !$*UTF8*$!
{
	archiveVersion = 1;
	classes = {
	};
	objectVersion = 46;
	objects = {

/* Begin PBXBuildFile section */
		852C845F2052C23F00E796F8 /* Location.swift in Sources */ = {isa = PBXBuildFile; fileRef = 852C845E2052C23F00E796F8 /* Location.swift */; };
		852C84612052E22E00E796F8 /* UserMenuViewController.swift in Sources */ = {isa = PBXBuildFile; fileRef = 852C84602052E22E00E796F8 /* UserMenuViewController.swift */; };
		8574B6E52052AE3900EE9598 /* UserViewController.swift in Sources */ = {isa = PBXBuildFile; fileRef = 8574B6E42052AE3900EE9598 /* UserViewController.swift */; };
		8574B6E72052AE4400EE9598 /* MapViewController.swift in Sources */ = {isa = PBXBuildFile; fileRef = 8574B6E62052AE4400EE9598 /* MapViewController.swift */; };
		8574B6E92052B08800EE9598 /* LocationDetailViewController.swift in Sources */ = {isa = PBXBuildFile; fileRef = 8574B6E82052B08800EE9598 /* LocationDetailViewController.swift */; };
		A51F0B342052A0B800502E86 /* AppDelegate.swift in Sources */ = {isa = PBXBuildFile; fileRef = A51F0B332052A0B800502E86 /* AppDelegate.swift */; };
		A51F0B392052A0B800502E86 /* Main.storyboard in Resources */ = {isa = PBXBuildFile; fileRef = A51F0B372052A0B800502E86 /* Main.storyboard */; };
		A51F0B3B2052A0B800502E86 /* Assets.xcassets in Resources */ = {isa = PBXBuildFile; fileRef = A51F0B3A2052A0B800502E86 /* Assets.xcassets */; };
		A51F0B3E2052A0B800502E86 /* LaunchScreen.storyboard in Resources */ = {isa = PBXBuildFile; fileRef = A51F0B3C2052A0B800502E86 /* LaunchScreen.storyboard */; };
		A52E14F82052EE8300850C66 /* ScanViewController.swift in Sources */ = {isa = PBXBuildFile; fileRef = A52E14F72052EE8300850C66 /* ScanViewController.swift */; };
		A52E14FA2052FDCD00850C66 /* User.swift in Sources */ = {isa = PBXBuildFile; fileRef = A52E14F92052FDCD00850C66 /* User.swift */; };
		A5A1B57B2052B5C2009CDEE2 /* LoginViewController.swift in Sources */ = {isa = PBXBuildFile; fileRef = A5A1B57A2052B5C2009CDEE2 /* LoginViewController.swift */; };
		A5A1B57D2052BA41009CDEE2 /* OrgSignupViewController.swift in Sources */ = {isa = PBXBuildFile; fileRef = A5A1B57C2052BA41009CDEE2 /* OrgSignupViewController.swift */; };
/* End PBXBuildFile section */

/* Begin PBXFileReference section */
		852C845E2052C23F00E796F8 /* Location.swift */ = {isa = PBXFileReference; lastKnownFileType = sourcecode.swift; path = Location.swift; sourceTree = "<group>"; };
		852C84602052E22E00E796F8 /* UserMenuViewController.swift */ = {isa = PBXFileReference; lastKnownFileType = sourcecode.swift; path = UserMenuViewController.swift; sourceTree = "<group>"; };
		8574B6E42052AE3900EE9598 /* UserViewController.swift */ = {isa = PBXFileReference; lastKnownFileType = sourcecode.swift; path = UserViewController.swift; sourceTree = "<group>"; };
		8574B6E62052AE4400EE9598 /* MapViewController.swift */ = {isa = PBXFileReference; lastKnownFileType = sourcecode.swift; path = MapViewController.swift; sourceTree = "<group>"; };
		8574B6E82052B08800EE9598 /* LocationDetailViewController.swift */ = {isa = PBXFileReference; lastKnownFileType = sourcecode.swift; path = LocationDetailViewController.swift; sourceTree = "<group>"; };
		A51F0B302052A0B800502E86 /* VHacks.app */ = {isa = PBXFileReference; explicitFileType = wrapper.application; includeInIndex = 0; path = VHacks.app; sourceTree = BUILT_PRODUCTS_DIR; };
		A51F0B332052A0B800502E86 /* AppDelegate.swift */ = {isa = PBXFileReference; lastKnownFileType = sourcecode.swift; path = AppDelegate.swift; sourceTree = "<group>"; };
		A51F0B382052A0B800502E86 /* Base */ = {isa = PBXFileReference; lastKnownFileType = file.storyboard; name = Base; path = Base.lproj/Main.storyboard; sourceTree = "<group>"; };
		A51F0B3A2052A0B800502E86 /* Assets.xcassets */ = {isa = PBXFileReference; lastKnownFileType = folder.assetcatalog; path = Assets.xcassets; sourceTree = "<group>"; };
		A51F0B3D2052A0B800502E86 /* Base */ = {isa = PBXFileReference; lastKnownFileType = file.storyboard; name = Base; path = Base.lproj/LaunchScreen.storyboard; sourceTree = "<group>"; };
		A51F0B3F2052A0B900502E86 /* Info.plist */ = {isa = PBXFileReference; lastKnownFileType = text.plist.xml; path = Info.plist; sourceTree = "<group>"; };
		A52E14F72052EE8300850C66 /* ScanViewController.swift */ = {isa = PBXFileReference; fileEncoding = 4; lastKnownFileType = sourcecode.swift; path = ScanViewController.swift; sourceTree = "<group>"; };
		A52E14F92052FDCD00850C66 /* User.swift */ = {isa = PBXFileReference; fileEncoding = 4; lastKnownFileType = sourcecode.swift; path = User.swift; sourceTree = "<group>"; };
		A5A1B57A2052B5C2009CDEE2 /* LoginViewController.swift */ = {isa = PBXFileReference; fileEncoding = 4; lastKnownFileType = sourcecode.swift; path = LoginViewController.swift; sourceTree = "<group>"; };
		A5A1B57C2052BA41009CDEE2 /* OrgSignupViewController.swift */ = {isa = PBXFileReference; fileEncoding = 4; lastKnownFileType = sourcecode.swift; path = OrgSignupViewController.swift; sourceTree = "<group>"; };
/* End PBXFileReference section */

/* Begin PBXFrameworksBuildPhase section */
		A51F0B2D2052A0B700502E86 /* Frameworks */ = {
			isa = PBXFrameworksBuildPhase;
			buildActionMask = 2147483647;
			files = (
			);
			runOnlyForDeploymentPostprocessing = 0;
		};
/* End PBXFrameworksBuildPhase section */

/* Begin PBXGroup section */
		A51F0B272052A0B700502E86 = {
			isa = PBXGroup;
			children = (
				A51F0B322052A0B800502E86 /* VHacks */,
				A51F0B312052A0B800502E86 /* Products */,
			);
			sourceTree = "<group>";
		};
		A51F0B312052A0B800502E86 /* Products */ = {
			isa = PBXGroup;
			children = (
				A51F0B302052A0B800502E86 /* VHacks.app */,
			);
			name = Products;
			sourceTree = "<group>";
		};
		A51F0B322052A0B800502E86 /* VHacks */ = {
			isa = PBXGroup;
			children = (
				852C84602052E22E00E796F8 /* UserMenuViewController.swift */,
				A5A1B57A2052B5C2009CDEE2 /* LoginViewController.swift */,
				852C845E2052C23F00E796F8 /* Location.swift */,
				A52E14F92052FDCD00850C66 /* User.swift */,
				A51F0B332052A0B800502E86 /* AppDelegate.swift */,
				A51F0B372052A0B800502E86 /* Main.storyboard */,
				A5A1B57C2052BA41009CDEE2 /* OrgSignupViewController.swift */,
				A51F0B3A2052A0B800502E86 /* Assets.xcassets */,
				A51F0B3C2052A0B800502E86 /* LaunchScreen.storyboard */,
				A51F0B3F2052A0B900502E86 /* Info.plist */,
				8574B6E42052AE3900EE9598 /* UserViewController.swift */,
				A52E14F72052EE8300850C66 /* ScanViewController.swift */,
				8574B6E62052AE4400EE9598 /* MapViewController.swift */,
				8574B6E82052B08800EE9598 /* LocationDetailViewController.swift */,
			);
			path = VHacks;
			sourceTree = "<group>";
		};
/* End PBXGroup section */

/* Begin PBXNativeTarget section */
		A51F0B2F2052A0B700502E86 /* VHacks */ = {
			isa = PBXNativeTarget;
			buildConfigurationList = A51F0B422052A0B900502E86 /* Build configuration list for PBXNativeTarget "VHacks" */;
			buildPhases = (
				A51F0B2C2052A0B700502E86 /* Sources */,
				A51F0B2D2052A0B700502E86 /* Frameworks */,
				A51F0B2E2052A0B700502E86 /* Resources */,
			);
			buildRules = (
			);
			dependencies = (
			);
			name = VHacks;
			productName = VHacks;
			productReference = A51F0B302052A0B800502E86 /* VHacks.app */;
			productType = "com.apple.product-type.application";
		};
/* End PBXNativeTarget section */

/* Begin PBXProject section */
		A51F0B282052A0B700502E86 /* Project object */ = {
			isa = PBXProject;
			attributes = {
				LastSwiftUpdateCheck = 0820;
				LastUpgradeCheck = 0820;
				ORGANIZATIONNAME = VHacks;
				TargetAttributes = {
					A51F0B2F2052A0B700502E86 = {
						CreatedOnToolsVersion = 8.2.1;
						DevelopmentTeam = Q6ETBD25S7;
						ProvisioningStyle = Automatic;
					};
				};
			};
			buildConfigurationList = A51F0B2B2052A0B700502E86 /* Build configuration list for PBXProject "VHacks" */;
			compatibilityVersion = "Xcode 3.2";
			developmentRegion = English;
			hasScannedForEncodings = 0;
			knownRegions = (
				en,
				Base,
			);
			mainGroup = A51F0B272052A0B700502E86;
			productRefGroup = A51F0B312052A0B800502E86 /* Products */;
			projectDirPath = "";
			projectRoot = "";
			targets = (
				A51F0B2F2052A0B700502E86 /* VHacks */,
			);
		};
/* End PBXProject section */

/* Begin PBXResourcesBuildPhase section */
		A51F0B2E2052A0B700502E86 /* Resources */ = {
			isa = PBXResourcesBuildPhase;
			buildActionMask = 2147483647;
			files = (
				A51F0B3E2052A0B800502E86 /* LaunchScreen.storyboard in Resources */,
				A51F0B3B2052A0B800502E86 /* Assets.xcassets in Resources */,
				A51F0B392052A0B800502E86 /* Main.storyboard in Resources */,
			);
			runOnlyForDeploymentPostprocessing = 0;
		};
/* End PBXResourcesBuildPhase section */

/* Begin PBXSourcesBuildPhase section */
		A51F0B2C2052A0B700502E86 /* Sources */ = {
			isa = PBXSourcesBuildPhase;
			buildActionMask = 2147483647;
			files = (
				8574B6E92052B08800EE9598 /* LocationDetailViewController.swift in Sources */,
				A51F0B342052A0B800502E86 /* AppDelegate.swift in Sources */,
				852C84612052E22E00E796F8 /* UserMenuViewController.swift in Sources */,
				8574B6E72052AE4400EE9598 /* MapViewController.swift in Sources */,
				A5A1B57D2052BA41009CDEE2 /* OrgSignupViewController.swift in Sources */,
				A5A1B57B2052B5C2009CDEE2 /* LoginViewController.swift in Sources */,
				852C845F2052C23F00E796F8 /* Location.swift in Sources */,
				8574B6E52052AE3900EE9598 /* UserViewController.swift in Sources */,
				A52E14FA2052FDCD00850C66 /* User.swift in Sources */,
				A52E14F82052EE8300850C66 /* ScanViewController.swift in Sources */,
			);
			runOnlyForDeploymentPostprocessing = 0;
		};
/* End PBXSourcesBuildPhase section */

/* Begin PBXVariantGroup section */
		A51F0B372052A0B800502E86 /* Main.storyboard */ = {
			isa = PBXVariantGroup;
			children = (
				A51F0B382052A0B800502E86 /* Base */,
			);
			name = Main.storyboard;
			sourceTree = "<group>";
		};
		A51F0B3C2052A0B800502E86 /* LaunchScreen.storyboard */ = {
			isa = PBXVariantGroup;
			children = (
				A51F0B3D2052A0B800502E86 /* Base */,
			);
			name = LaunchScreen.storyboard;
			sourceTree = "<group>";
		};
/* End PBXVariantGroup section */

/* Begin XCBuildConfiguration section */
		A51F0B402052A0B900502E86 /* Debug */ = {
			isa = XCBuildConfiguration;
			buildSettings = {
				ALWAYS_SEARCH_USER_PATHS = NO;
				CLANG_ANALYZER_NONNULL = YES;
				CLANG_CXX_LANGUAGE_STANDARD = "gnu++0x";
				CLANG_CXX_LIBRARY = "libc++";
				CLANG_ENABLE_MODULES = YES;
				CLANG_ENABLE_OBJC_ARC = YES;
				CLANG_WARN_BOOL_CONVERSION = YES;
				CLANG_WARN_CONSTANT_CONVERSION = YES;
				CLANG_WARN_DIRECT_OBJC_ISA_USAGE = YES_ERROR;
				CLANG_WARN_DOCUMENTATION_COMMENTS = YES;
				CLANG_WARN_EMPTY_BODY = YES;
				CLANG_WARN_ENUM_CONVERSION = YES;
				CLANG_WARN_INFINITE_RECURSION = YES;
				CLANG_WARN_INT_CONVERSION = YES;
				CLANG_WARN_OBJC_ROOT_CLASS = YES_ERROR;
				CLANG_WARN_SUSPICIOUS_MOVE = YES;
				CLANG_WARN_UNREACHABLE_CODE = YES;
				CLANG_WARN__DUPLICATE_METHOD_MATCH = YES;
				"CODE_SIGN_IDENTITY[sdk=iphoneos*]" = "iPhone Developer";
				COPY_PHASE_STRIP = NO;
				DEBUG_INFORMATION_FORMAT = dwarf;
				ENABLE_STRICT_OBJC_MSGSEND = YES;
				ENABLE_TESTABILITY = YES;
				GCC_C_LANGUAGE_STANDARD = gnu99;
				GCC_DYNAMIC_NO_PIC = NO;
				GCC_NO_COMMON_BLOCKS = YES;
				GCC_OPTIMIZATION_LEVEL = 0;
				GCC_PREPROCESSOR_DEFINITIONS = (
					"DEBUG=1",
					"$(inherited)",
				);
				GCC_WARN_64_TO_32_BIT_CONVERSION = YES;
				GCC_WARN_ABOUT_RETURN_TYPE = YES_ERROR;
				GCC_WARN_UNDECLARED_SELECTOR = YES;
				GCC_WARN_UNINITIALIZED_AUTOS = YES_AGGRESSIVE;
				GCC_WARN_UNUSED_FUNCTION = YES;
				GCC_WARN_UNUSED_VARIABLE = YES;
				IPHONEOS_DEPLOYMENT_TARGET = 10.2;
				MTL_ENABLE_DEBUG_INFO = YES;
				ONLY_ACTIVE_ARCH = YES;
				SDKROOT = iphoneos;
				SWIFT_ACTIVE_COMPILATION_CONDITIONS = DEBUG;
				SWIFT_OPTIMIZATION_LEVEL = "-Onone";
				TARGETED_DEVICE_FAMILY = "1,2";
			};
			name = Debug;
		};
		A51F0B412052A0B900502E86 /* Release */ = {
			isa = XCBuildConfiguration;
			buildSettings = {
				ALWAYS_SEARCH_USER_PATHS = NO;
				CLANG_ANALYZER_NONNULL = YES;
				CLANG_CXX_LANGUAGE_STANDARD = "gnu++0x";
				CLANG_CXX_LIBRARY = "libc++";
				CLANG_ENABLE_MODULES = YES;
				CLANG_ENABLE_OBJC_ARC = YES;
				CLANG_WARN_BOOL_CONVERSION = YES;
				CLANG_WARN_CONSTANT_CONVERSION = YES;
				CLANG_WARN_DIRECT_OBJC_ISA_USAGE = YES_ERROR;
				CLANG_WARN_DOCUMENTATION_COMMENTS = YES;
				CLANG_WARN_EMPTY_BODY = YES;
				CLANG_WARN_ENUM_CONVERSION = YES;
				CLANG_WARN_INFINITE_RECURSION = YES;
				CLANG_WARN_INT_CONVERSION = YES;
				CLANG_WARN_OBJC_ROOT_CLASS = YES_ERROR;
				CLANG_WARN_SUSPICIOUS_MOVE = YES;
				CLANG_WARN_UNREACHABLE_CODE = YES;
				CLANG_WARN__DUPLICATE_METHOD_MATCH = YES;
				"CODE_SIGN_IDENTITY[sdk=iphoneos*]" = "iPhone Developer";
				COPY_PHASE_STRIP = NO;
				DEBUG_INFORMATION_FORMAT = "dwarf-with-dsym";
				ENABLE_NS_ASSERTIONS = NO;
				ENABLE_STRICT_OBJC_MSGSEND = YES;
				GCC_C_LANGUAGE_STANDARD = gnu99;
				GCC_NO_COMMON_BLOCKS = YES;
				GCC_WARN_64_TO_32_BIT_CONVERSION = YES;
				GCC_WARN_ABOUT_RETURN_TYPE = YES_ERROR;
				GCC_WARN_UNDECLARED_SELECTOR = YES;
				GCC_WARN_UNINITIALIZED_AUTOS = YES_AGGRESSIVE;
				GCC_WARN_UNUSED_FUNCTION = YES;
				GCC_WARN_UNUSED_VARIABLE = YES;
				IPHONEOS_DEPLOYMENT_TARGET = 10.2;
				MTL_ENABLE_DEBUG_INFO = NO;
				SDKROOT = iphoneos;
				SWIFT_OPTIMIZATION_LEVEL = "-Owholemodule";
				TARGETED_DEVICE_FAMILY = "1,2";
				VALIDATE_PRODUCT = YES;
			};
			name = Release;
		};
		A51F0B432052A0B900502E86 /* Debug */ = {
			isa = XCBuildConfiguration;
			buildSettings = {
				ASSETCATALOG_COMPILER_APPICON_NAME = AppIcon;
				DEVELOPMENT_TEAM = Q6ETBD25S7;
				INFOPLIST_FILE = VHacks/Info.plist;
				LD_RUNPATH_SEARCH_PATHS = "$(inherited) @executable_path/Frameworks";
				PRODUCT_BUNDLE_IDENTIFIER = com.jackfrysinger.Intemate;
				PRODUCT_NAME = "$(TARGET_NAME)";
				SWIFT_VERSION = 3.0;
			};
			name = Debug;
		};
		A51F0B442052A0B900502E86 /* Release */ = {
			isa = XCBuildConfiguration;
			buildSettings = {
				ASSETCATALOG_COMPILER_APPICON_NAME = AppIcon;
				DEVELOPMENT_TEAM = Q6ETBD25S7;
				INFOPLIST_FILE = VHacks/Info.plist;
				LD_RUNPATH_SEARCH_PATHS = "$(inherited) @executable_path/Frameworks";
				PRODUCT_BUNDLE_IDENTIFIER = com.jackfrysinger.Intemate;
				PRODUCT_NAME = "$(TARGET_NAME)";
				SWIFT_VERSION = 3.0;
			};
			name = Release;
		};
/* End XCBuildConfiguration section */

/* Begin XCConfigurationList section */
		A51F0B2B2052A0B700502E86 /* Build configuration list for PBXProject "VHacks" */ = {
			isa = XCConfigurationList;
			buildConfigurations = (
				A51F0B402052A0B900502E86 /* Debug */,
				A51F0B412052A0B900502E86 /* Release */,
			);
			defaultConfigurationIsVisible = 0;
			defaultConfigurationName = Release;
		};
		A51F0B422052A0B900502E86 /* Build configuration list for PBXNativeTarget "VHacks" */ = {
			isa = XCConfigurationList;
			buildConfigurations = (
				A51F0B432052A0B900502E86 /* Debug */,
				A51F0B442052A0B900502E86 /* Release */,
			);
			defaultConfigurationIsVisible = 0;
			defaultConfigurationName = Release;
		};
/* End XCConfigurationList section */
	};
	rootObject = A51F0B282052A0B700502E86 /* Project object */;
}
